# governed governance core — integrity lock (P0-9). Generated by regen_core_lock.py; do not hand-edit.
# SCOPE: this lock is an INTRA-repo integrity check. It proves this repo's core still matches what
# was locked here. It does NOT prove parity with the other verticals: the file count and tree hash
# legitimately differ per vertical (domain-shaped controls, extra modules). A lock claiming an
# 'identical core' while the trees differed is how the exactly-once finalization gap hid for weeks.
# The 'version' below means: derived from governed-core <version>. CROSS-repo parity is a separate
# question answered by tools/check_core_parity.py. CI runs both and fails on either.
version: 1.9.0
files: 33
tree_sha256: 2ac3e6430f99c196460c9087ecc24fd5f11df38c169b673b40c746360df27cf8
30f4611383aa30a15753789f40effde81332f2f8714e6d3b2940bf0fc4592377  lib/CORE_VERSION
2490c78e8067798930870fcb6be5b99fb6316602f0e6958662970c6823cd4c2d  lib/connector/deploy_connector.sh
56df0cb5464b5a5ca41766350382cdc63d9a6718fae69b08c73fd87724cd3e14  lib/connector/prove_connector.sh
9b7968373ad47e2a6ceb7c83be44ba416c21117d4146470b38c00389a8864424  lib/connector/sor_api.py
1824d2befc0b7aecc08e38ab94bd3f1b1d5577d416ead76a203ba082982109bb  lib/connector/verify_source.py
cc7564916570c47444d6a83754e9ead6c1b984046fd91538fc6ced64d3e26182  lib/controls/case_store.py
d950fd02dfd8d1d52f8ba54a5234d97ed040763ee6b03a874143ffe441921224  lib/controls/mask_pii.py
f58b6106606c291ee19dd0ff61cc304eef7bcc579c333a27805fce2e8338beb7  lib/controls/provenance.py
b903cb30fcc18f0f6409d110b1f4ab52b42ddb79423607d55285b93c9e07b924  lib/controls/sanitized.py
fac9eb1de1d926f13c9568577aa769d438eae7d2473b10c8d919bb86c8f9a0b1  lib/controls/workflow_guards.py
5ad9d89e330cf27c2730dc3b92651ea126865149c3903f360ff48873aa36f3e5  lib/engine/demo.sh
c7d51cd26c35987f065b114e5604c20d110f61403c08c7abc674af2a975e4b87  lib/engine/deploy.sh
6e38168290f01fb534e504de3908c2c017fb616fc159c7499d000ef451715b3c  lib/engine/deploy_federation.sh
b7adbfcec4941a95a1ff24d3bf7482e8eeb5576fb3ec6d87a540bf506c3e6125  lib/engine/deploy_identity.sh
9e06b7138d334bfcbd36f1025d6d0a539c71d378af315f3e56813b34b3d8662a  lib/engine/destroy.sh
ac017d6ae2c7a5dedbf4b0be07fd85e99602d61c15d162fd734a972f1a1e94e6  lib/engine/redteam.sh
1bc5240a9aceb91e985550cddfcb6da484581deab7f3aec69f02d174552aaf39  lib/engine/render.py
c87a7546f89428427278b2ebf4889e5d5550e667ea718a2576312985dc1ed6f2  lib/engine/signoff.asl.json.tmpl
0ed22f137f937e93cdc79da897a179c17e6571bc13395c1ec6ea4524c8d764d4  lib/regen_core_lock.py
858ac69f0b9e1568391d17f4698cb68047c222be5ecaea24e686456027e78ce6  lib/runtime/.dockerignore
fecb2b2420eb2e419a4e292c333ed3b469abba7699b1bdbaefc701545fef1718  lib/runtime/Dockerfile
c4719c0b76dfb457ef72d5aa51949579912a5fe1673722cb3187e52318d9b8cb  lib/runtime/_configure.sh
dca20614bb97fc036db1524bcd7fb1055fb6b19e23fadb3632fbe888a2943339  lib/runtime/_env.sh
9ae2147adcb3444d2d09ecdb2d2d6ffeb486f939abd89db1fd5c21aa2c520cbd  lib/runtime/_invoke.sh
67c43441a3a3b87501e63bbc50e5b7a000a3508c26e1a017bcc488a482d8c62b  lib/runtime/_launch.sh
920f643e45d59ebf5dcc1c4a40d8049c91f941da74538a9a751bc72371f64cd0  lib/runtime/_obs_setup.sh
c559c3405ce9d603190fba821dd5400874a5562c22363e5f546dc00677412a8d  lib/runtime/_smoke.sh
508b49b10002c6b6c7a421bd3360e8732d4be4f4b368dfe7e16775c755d98359  lib/runtime/_verify_rt.sh
3ca5ba02b9c3247002187da6c10cc55238fb8a78034ecae994c555a998795956  lib/runtime/agent.py
4b312973e31f2a7dd0aec9b866e42cfc458a283c2a942375377717aba262bcc6  lib/runtime/requirements.txt
a20960c97b7b9aba6b84c848ff74d1fb4363ed00c6fab654a63a21cc05841f48  lib/runtime/setup_venv.sh
e1c1048cbc99df0fa70a998dec634fb4921a6e37acc682a0f1808fb0ea5bd04b  lib/runtime/token_boundary.py
628d9b131c28c5c32a4518e60ac26fb837cc259c31e854c7027122980b3bcf4a  lib/verify_core.py
