# governed governance core — integrity lock (P0-9). Generated by regen_core_lock.py; do not hand-edit.
# Every vertical carries this identical core, pinned to this version. CI runs lib/verify_core.py
# and fails the build on any drift. Change the core -> re-run regen_core_lock.py -> sync to all verticals.
version: 1.1.0
files: 39
tree_sha256: cb0794c99f687e275f640149edeec3c4db0face79c28fd299fb0df0d0545b9bd
1575e1af4a95f12f70b4ee6a6adce8160953d93ea17dc2611b90883ccc3ad3b8  lib/CORE_VERSION
2490c78e8067798930870fcb6be5b99fb6316602f0e6958662970c6823cd4c2d  lib/connector/deploy_connector.sh
56df0cb5464b5a5ca41766350382cdc63d9a6718fae69b08c73fd87724cd3e14  lib/connector/prove_connector.sh
9b7968373ad47e2a6ceb7c83be44ba416c21117d4146470b38c00389a8864424  lib/connector/sor_api.py
1824d2befc0b7aecc08e38ab94bd3f1b1d5577d416ead76a203ba082982109bb  lib/connector/verify_source.py
6d249eb6d0700cb8246569c0b86dcdf6f1f5be7d59374eb16a6a8c8a64d2ffe0  lib/controls/approve_signoff.py
318ab50cc7eb0911d7d34b4a67e253601b5f018d5882245651b0d77b46406a5b  lib/controls/evidence.py
88dab51a3341d89e495d67435f734c5fc5db81a78fb8e339e4fd07d09435f464  lib/controls/finalize_signoff.py
27fcfc4f7f30d6d64be3efbf2a92a761fd62335a206ef0be5ff8b1e516c9ca26  lib/controls/identity.py
a2ceacd0587ea428f4e16e69ee6f2dce780662d1945da79e0ce7eb324439d8b3  lib/controls/idp_group_mapper.py
207130cb280e731519a3245d3e160fe811fae522609672d608ab9d052e326d3e  lib/controls/mask_pii.py
58ad469b618b0c6fa5769bda20009c3ad8ddce0e2a4763c2c518cbea831e7ba7  lib/controls/mcp_client.py
75a8cedac6b69e3ae8e669d89954051e7bce751ab82ec08c45c7c5da919ec792  lib/controls/provenance.py
5465d29107a66a1d0b0721f91720690b5f4c416ce8ae2fe3a9b87db4849dba4a  lib/controls/request_signoff.py
048ebb0e7c9173392a8559bc72489d5974ca43c118fe3b1f1f25cd689dc651de  lib/controls/signoff_register.py
80a6e85c1eac7394102c6705526369f564e5759bc2bf4b722b2fac593679cd06  lib/controls/verify_chain.py
eaf1343dbc2cf93e8ef64fb655e948dce77e247707c93aea4dfb063a61610bf7  lib/controls/write_audit.py
5ad9d89e330cf27c2730dc3b92651ea126865149c3903f360ff48873aa36f3e5  lib/engine/demo.sh
c7d51cd26c35987f065b114e5604c20d110f61403c08c7abc674af2a975e4b87  lib/engine/deploy.sh
6e38168290f01fb534e504de3908c2c017fb616fc159c7499d000ef451715b3c  lib/engine/deploy_federation.sh
b7adbfcec4941a95a1ff24d3bf7482e8eeb5576fb3ec6d87a540bf506c3e6125  lib/engine/deploy_identity.sh
9e06b7138d334bfcbd36f1025d6d0a539c71d378af315f3e56813b34b3d8662a  lib/engine/destroy.sh
ac017d6ae2c7a5dedbf4b0be07fd85e99602d61c15d162fd734a972f1a1e94e6  lib/engine/redteam.sh
6799495afaeb6ece1b30efc36f49c0e7e1e598ec748e8934ecb703f90b7fe6ba  lib/engine/render.py
c87a7546f89428427278b2ebf4889e5d5550e667ea718a2576312985dc1ed6f2  lib/engine/signoff.asl.json.tmpl
bba1c7b256d08458af181155445d00944448b666ecc218e6d3249d3fe50cc677  lib/regen_core_lock.py
858ac69f0b9e1568391d17f4698cb68047c222be5ecaea24e686456027e78ce6  lib/runtime/.dockerignore
fecb2b2420eb2e419a4e292c333ed3b469abba7699b1bdbaefc701545fef1718  lib/runtime/Dockerfile
81710a1004d7c91b845282455e6d287a578eee1723a7ed313cd265813e330802  lib/runtime/_configure.sh
dca20614bb97fc036db1524bcd7fb1055fb6b19e23fadb3632fbe888a2943339  lib/runtime/_env.sh
9ae2147adcb3444d2d09ecdb2d2d6ffeb486f939abd89db1fd5c21aa2c520cbd  lib/runtime/_invoke.sh
87d1a45ab734e2b67d663faec5b0ab65bcfa5fd76228b05acf5a21bb82dada99  lib/runtime/_launch.sh
d708aac157efd9828bb438e5bff6fa540f8021cd74bc50489bebeacc14543c83  lib/runtime/_obs_setup.sh
c559c3405ce9d603190fba821dd5400874a5562c22363e5f546dc00677412a8d  lib/runtime/_smoke.sh
508b49b10002c6b6c7a421bd3360e8732d4be4f4b368dfe7e16775c755d98359  lib/runtime/_verify_rt.sh
2b35387e3b036f7eb6a98f0af7a94a171e155d2ef2c1f3089235a08e4749361d  lib/runtime/agent.py
0609a0b145604efd05d45e34f59b044002ce71b96f6ca807cf226fb8322d7800  lib/runtime/requirements.txt
a20960c97b7b9aba6b84c848ff74d1fb4363ed00c6fab654a63a21cc05841f48  lib/runtime/setup_venv.sh
628d9b131c28c5c32a4518e60ac26fb837cc259c31e854c7027122980b3bcf4a  lib/verify_core.py
