# governed governance core — integrity lock (P0-9). Generated by regen_core_lock.py; do not hand-edit.
# SCOPE: this lock is an INTRA-repo integrity check. It proves this repo's core still matches what
# was locked here. It does NOT prove parity with the other verticals: the file count and tree hash
# legitimately differ per vertical (domain-shaped controls, extra modules). A lock claiming an
# 'identical core' while the trees differed is how the exactly-once finalization gap hid for weeks.
# The 'version' below means: derived from governed-core <version>. CROSS-repo parity is a separate
# question answered by tools/check_core_parity.py. CI runs both and fails on either.
version: 1.3.1
files: 33
tree_sha256: 50899b5cb3fd4ef3097a830bbb5c8c6fd176c89aab21fbde543b17d755514ad3
10e2e117b01523891ca271a615ae36e9d5e52348fd7d642f66727602c1b8dcbe  lib/CORE_VERSION
2490c78e8067798930870fcb6be5b99fb6316602f0e6958662970c6823cd4c2d  lib/connector/deploy_connector.sh
56df0cb5464b5a5ca41766350382cdc63d9a6718fae69b08c73fd87724cd3e14  lib/connector/prove_connector.sh
9b7968373ad47e2a6ceb7c83be44ba416c21117d4146470b38c00389a8864424  lib/connector/sor_api.py
1824d2befc0b7aecc08e38ab94bd3f1b1d5577d416ead76a203ba082982109bb  lib/connector/verify_source.py
7d840f2dd7a72ed79e25ad039d7d855cba8542392a43d068b5dbf45e5dc7ffcb  lib/controls/case_store.py
4934753072a7972cc9c5191e72e0087784ce8ef061890a787ce6e8b6b7d20ccf  lib/controls/mask_pii.py
a9269da7a9bde399b44a5bf291ead310c50b3b7c699d5bb2544737f14538771c  lib/controls/provenance.py
0e6f897204408019f4b0aa289120af37dd8033e590a9cd0ab863b2a769a28b35  lib/controls/sanitized.py
e08dcbc4d026e833d1415fc8da216e409aa11e4ab465ff7c29ace760022d574f  lib/controls/workflow_guards.py
5ad9d89e330cf27c2730dc3b92651ea126865149c3903f360ff48873aa36f3e5  lib/engine/demo.sh
c7d51cd26c35987f065b114e5604c20d110f61403c08c7abc674af2a975e4b87  lib/engine/deploy.sh
6e38168290f01fb534e504de3908c2c017fb616fc159c7499d000ef451715b3c  lib/engine/deploy_federation.sh
b7adbfcec4941a95a1ff24d3bf7482e8eeb5576fb3ec6d87a540bf506c3e6125  lib/engine/deploy_identity.sh
9e06b7138d334bfcbd36f1025d6d0a539c71d378af315f3e56813b34b3d8662a  lib/engine/destroy.sh
ac017d6ae2c7a5dedbf4b0be07fd85e99602d61c15d162fd734a972f1a1e94e6  lib/engine/redteam.sh
6799495afaeb6ece1b30efc36f49c0e7e1e598ec748e8934ecb703f90b7fe6ba  lib/engine/render.py
c87a7546f89428427278b2ebf4889e5d5550e667ea718a2576312985dc1ed6f2  lib/engine/signoff.asl.json.tmpl
0ed22f137f937e93cdc79da897a179c17e6571bc13395c1ec6ea4524c8d764d4  lib/regen_core_lock.py
858ac69f0b9e1568391d17f4698cb68047c222be5ecaea24e686456027e78ce6  lib/runtime/.dockerignore
fecb2b2420eb2e419a4e292c333ed3b469abba7699b1bdbaefc701545fef1718  lib/runtime/Dockerfile
81710a1004d7c91b845282455e6d287a578eee1723a7ed313cd265813e330802  lib/runtime/_configure.sh
dca20614bb97fc036db1524bcd7fb1055fb6b19e23fadb3632fbe888a2943339  lib/runtime/_env.sh
9ae2147adcb3444d2d09ecdb2d2d6ffeb486f939abd89db1fd5c21aa2c520cbd  lib/runtime/_invoke.sh
87d1a45ab734e2b67d663faec5b0ab65bcfa5fd76228b05acf5a21bb82dada99  lib/runtime/_launch.sh
8fc4644e89de801f79b281c7fa0f0dcf649fed4070fac080cc0a847c05bfd14c  lib/runtime/_obs_setup.sh
c559c3405ce9d603190fba821dd5400874a5562c22363e5f546dc00677412a8d  lib/runtime/_smoke.sh
508b49b10002c6b6c7a421bd3360e8732d4be4f4b368dfe7e16775c755d98359  lib/runtime/_verify_rt.sh
2b35387e3b036f7eb6a98f0af7a94a171e155d2ef2c1f3089235a08e4749361d  lib/runtime/agent.py
0609a0b145604efd05d45e34f59b044002ce71b96f6ca807cf226fb8322d7800  lib/runtime/requirements.txt
a20960c97b7b9aba6b84c848ff74d1fb4363ed00c6fab654a63a21cc05841f48  lib/runtime/setup_venv.sh
e1c1048cbc99df0fa70a998dec634fb4921a6e37acc682a0f1808fb0ea5bd04b  lib/runtime/token_boundary.py
628d9b131c28c5c32a4518e60ac26fb837cc259c31e854c7027122980b3bcf4a  lib/verify_core.py
